// !$*UTF8*$!
{
	archiveVersion = 1;
	classes = {
	};
	objectVersion = 50;
	objects = {

/* Begin PBXBuildFile section */
		67C6942D5F6FF61BF35E83AE /* Pods_Bitcoin_Index.framework in Frameworks */ = {isa = PBXBuildFile; fileRef = A13B16F02B9159A0A9462A87 /* Pods_Bitcoin_Index.framework */; };
		9E3564B2221B126000BFF3F8 /* AppDelegate.swift in Sources */ = {isa = PBXBuildFile; fileRef = 9E3564B1221B126000BFF3F8 /* AppDelegate.swift */; };
		9E3564B4221B126000BFF3F8 /* ViewController.swift in Sources */ = {isa = PBXBuildFile; fileRef = 9E3564B3221B126000BFF3F8 /* ViewController.swift */; };
		9E3564B7221B126000BFF3F8 /* Main.storyboard in Resources */ = {isa = PBXBuildFile; fileRef = 9E3564B5221B126000BFF3F8 /* Main.storyboard */; };
		9E3564B9221B126200BFF3F8 /* Assets.xcassets in Resources */ = {isa = PBXBuildFile; fileRef = 9E3564B8221B126200BFF3F8 /* Assets.xcassets */; };
		9E3564BC221B126200BFF3F8 /* LaunchScreen.storyboard in Resources */ = {isa = PBXBuildFile; fileRef = 9E3564BA221B126200BFF3F8 /* LaunchScreen.storyboard */; };
/* End PBXBuildFile section */

/* Begin PBXFileReference section */
		52FD9FDE19D42F49FEE2F705 /* Pods-Bitcoin Index.debug.xcconfig */ = {isa = PBXFileReference; includeInIndex = 1; lastKnownFileType = text.xcconfig; name = "Pods-Bitcoin Index.debug.xcconfig"; path = "Pods/Target Support Files/Pods-Bitcoin Index/Pods-Bitcoin Index.debug.xcconfig"; sourceTree = "<group>"; };
		5E6D3BFE30BDE9F038210EDD /* Pods-Bitcoin Index.release.xcconfig */ = {isa = PBXFileReference; includeInIndex = 1; lastKnownFileType = text.xcconfig; name = "Pods-Bitcoin Index.release.xcconfig"; path = "Pods/Target Support Files/Pods-Bitcoin Index/Pods-Bitcoin Index.release.xcconfig"; sourceTree = "<group>"; };
		9E3564AE221B125F00BFF3F8 /* Bitcoin Index.app */ = {isa = PBXFileReference; explicitFileType = wrapper.application; includeInIndex = 0; path = "Bitcoin Index.app"; sourceTree = BUILT_PRODUCTS_DIR; };
		9E3564B1221B126000BFF3F8 /* AppDelegate.swift */ = {isa = PBXFileReference; lastKnownFileType = sourcecode.swift; path = AppDelegate.swift; sourceTree = "<group>"; };
		9E3564B3221B126000BFF3F8 /* ViewController.swift */ = {isa = PBXFileReference; lastKnownFileType = sourcecode.swift; path = ViewController.swift; sourceTree = "<group>"; };
		9E3564B6221B126000BFF3F8 /* Base */ = {isa = PBXFileReference; lastKnownFileType = file.storyboard; name = Base; path = Base.lproj/Main.storyboard; sourceTree = "<group>"; };
		9E3564B8221B126200BFF3F8 /* Assets.xcassets */ = {isa = PBXFileReference; lastKnownFileType = folder.assetcatalog; path = Assets.xcassets; sourceTree = "<group>"; };
		9E3564BB221B126200BFF3F8 /* Base */ = {isa = PBXFileReference; lastKnownFileType = file.storyboard; name = Base; path = Base.lproj/LaunchScreen.storyboard; sourceTree = "<group>"; };
		9E3564BD221B126200BFF3F8 /* Info.plist */ = {isa = PBXFileReference; lastKnownFileType = text.plist.xml; path = Info.plist; sourceTree = "<group>"; };
		A13B16F02B9159A0A9462A87 /* Pods_Bitcoin_Index.framework */ = {isa = PBXFileReference; explicitFileType = wrapper.framework; includeInIndex = 0; path = Pods_Bitcoin_Index.framework; sourceTree = BUILT_PRODUCTS_DIR; };
/* End PBXFileReference section */

/* Begin PBXFrameworksBuildPhase section */
		9E3564AB221B125F00BFF3F8 /* Frameworks */ = {
			isa = PBXFrameworksBuildPhase;
			buildActionMask = 2147483647;
			files = (
				67C6942D5F6FF61BF35E83AE /* Pods_Bitcoin_Index.framework in Frameworks */,
			);
			runOnlyForDeploymentPostprocessing = 0;
		};
/* End PBXFrameworksBuildPhase section */

/* Begin PBXGroup section */
		3A5B2B766CACEC62182F043D /* Pods */ = {
			isa = PBXGroup;
			children = (
				52FD9FDE19D42F49FEE2F705 /* Pods-Bitcoin Index.debug.xcconfig */,
				5E6D3BFE30BDE9F038210EDD /* Pods-Bitcoin Index.release.xcconfig */,
			);
			name = Pods;
			sourceTree = "<group>";
		};
		9E3564A5221B125F00BFF3F8 = {
			isa = PBXGroup;
			children = (
				9E3564B0221B126000BFF3F8 /* Bitcoin Index */,
				9E3564AF221B125F00BFF3F8 /* Products */,
				3A5B2B766CACEC62182F043D /* Pods */,
				F4635110BAC012C5EB405F60 /* Frameworks */,
			);
			sourceTree = "<group>";
		};
		9E3564AF221B125F00BFF3F8 /* Products */ = {
			isa = PBXGroup;
			children = (
				9E3564AE221B125F00BFF3F8 /* Bitcoin Index.app */,
			);
			name = Products;
			sourceTree = "<group>";
		};
		9E3564B0221B126000BFF3F8 /* Bitcoin Index */ = {
			isa = PBXGroup;
			children = (
				9E3564B1221B126000BFF3F8 /* AppDelegate.swift */,
				9E3564B3221B126000BFF3F8 /* ViewController.swift */,
				9E3564B5221B126000BFF3F8 /* Main.storyboard */,
				9E3564B8221B126200BFF3F8 /* Assets.xcassets */,
				9E3564BA221B126200BFF3F8 /* LaunchScreen.storyboard */,
				9E3564BD221B126200BFF3F8 /* Info.plist */,
			);
			path = "Bitcoin Index";
			sourceTree = "<group>";
		};
		F4635110BAC012C5EB405F60 /* Frameworks */ = {
			isa = PBXGroup;
			children = (
				A13B16F02B9159A0A9462A87 /* Pods_Bitcoin_Index.framework */,
			);
			name = Frameworks;
			sourceTree = "<group>";
		};
/* End PBXGroup section */

/* Begin PBXNativeTarget section */
		9E3564AD221B125F00BFF3F8 /* Bitcoin Index */ = {
			isa = PBXNativeTarget;
			buildConfigurationList = 9E3564C0221B126200BFF3F8 /* Build configuration list for PBXNativeTarget "Bitcoin Index" */;
			buildPhases = (
				906A788C7FFD562C43CEEA4C /* [CP] Check Pods Manifest.lock */,
				9E3564AA221B125F00BFF3F8 /* Sources */,
				9E3564AB221B125F00BFF3F8 /* Frameworks */,
				9E3564AC221B125F00BFF3F8 /* Resources */,
				1E8375AB6C394055E6E2C2A4 /* [CP] Embed Pods Frameworks */,
			);
			buildRules = (
			);
			dependencies = (
			);
			name = "Bitcoin Index";
			productName = "Bitcoin Index";
			productReference = 9E3564AE221B125F00BFF3F8 /* Bitcoin Index.app */;
			productType = "com.apple.product-type.application";
		};
/* End PBXNativeTarget section */

/* Begin PBXProject section */
		9E3564A6221B125F00BFF3F8 /* Project object */ = {
			isa = PBXProject;
			attributes = {
				LastSwiftUpdateCheck = 1010;
				LastUpgradeCheck = 1010;
				ORGANIZATIONNAME = "Lena Azmi";
				TargetAttributes = {
					9E3564AD221B125F00BFF3F8 = {
						CreatedOnToolsVersion = 10.1;
					};
				};
			};
			buildConfigurationList = 9E3564A9221B125F00BFF3F8 /* Build configuration list for PBXProject "Bitcoin Index" */;
			compatibilityVersion = "Xcode 9.3";
			developmentRegion = en;
			hasScannedForEncodings = 0;
			knownRegions = (
				en,
				Base,
			);
			mainGroup = 9E3564A5221B125F00BFF3F8;
			productRefGroup = 9E3564AF221B125F00BFF3F8 /* Products */;
			projectDirPath = "";
			projectRoot = "";
			targets = (
				9E3564AD221B125F00BFF3F8 /* Bitcoin Index */,
			);
		};
/* End PBXProject section */

/* Begin PBXResourcesBuildPhase section */
		9E3564AC221B125F00BFF3F8 /* Resources */ = {
			isa = PBXResourcesBuildPhase;
			buildActionMask = 2147483647;
			files = (
				9E3564BC221B126200BFF3F8 /* LaunchScreen.storyboard in Resources */,
				9E3564B9221B126200BFF3F8 /* Assets.xcassets in Resources */,
				9E3564B7221B126000BFF3F8 /* Main.storyboard in Resources */,
			);
			runOnlyForDeploymentPostprocessing = 0;
		};
/* End PBXResourcesBuildPhase section */

/* Begin PBXShellScriptBuildPhase section */
		1E8375AB6C394055E6E2C2A4 /* [CP] Embed Pods Frameworks */ = {
			isa = PBXShellScriptBuildPhase;
			buildActionMask = 2147483647;
			files = (
			);
			inputFileListPaths = (
			);
			inputPaths = (
				"${SRCROOT}/Pods/Target Support Files/Pods-Bitcoin Index/Pods-Bitcoin Index-frameworks.sh",
				"${BUILT_PRODUCTS_DIR}/Alamofire/Alamofire.framework",
				"${BUILT_PRODUCTS_DIR}/SwiftyJSON/SwiftyJSON.framework",
			);
			name = "[CP] Embed Pods Frameworks";
			outputFileListPaths = (
			);
			outputPaths = (
				"${TARGET_BUILD_DIR}/${FRAMEWORKS_FOLDER_PATH}/Alamofire.framework",
				"${TARGET_BUILD_DIR}/${FRAMEWORKS_FOLDER_PATH}/SwiftyJSON.framework",
			);
			runOnlyForDeploymentPostprocessing = 0;
			shellPath = /bin/sh;
			shellScript = "\"${SRCROOT}/Pods/Target Support Files/Pods-Bitcoin Index/Pods-Bitcoin Index-frameworks.sh\"\n";
			showEnvVarsInLog = 0;
		};
		906A788C7FFD562C43CEEA4C /* [CP] Check Pods Manifest.lock */ = {
			isa = PBXShellScriptBuildPhase;
			buildActionMask = 2147483647;
			files = (
			);
			inputFileListPaths = (
			);
			inputPaths = (
				"${PODS_PODFILE_DIR_PATH}/Podfile.lock",
				"${PODS_ROOT}/Manifest.lock",
			);
			name = "[CP] Check Pods Manifest.lock";
			outputFileListPaths = (
			);
			outputPaths = (
				"$(DERIVED_FILE_DIR)/Pods-Bitcoin Index-checkManifestLockResult.txt",
			);
			runOnlyForDeploymentPostprocessing = 0;
			shellPath = /bin/sh;
			shellScript = "diff \"${PODS_PODFILE_DIR_PATH}/Podfile.lock\" \"${PODS_ROOT}/Manifest.lock\" > /dev/null\nif [ $? != 0 ] ; then\n    # print error to STDERR\n    echo \"error: The sandbox is not in sync with the Podfile.lock. Run 'pod install' or update your CocoaPods installation.\" >&2\n    exit 1\nfi\n# This output is used by Xcode 'outputs' to avoid re-running this script phase.\necho \"SUCCESS\" > \"${SCRIPT_OUTPUT_FILE_0}\"\n";
			showEnvVarsInLog = 0;
		};
/* End PBXShellScriptBuildPhase section */

/* Begin PBXSourcesBuildPhase section */
		9E3564AA221B125F00BFF3F8 /* Sources */ = {
			isa = PBXSourcesBuildPhase;
			buildActionMask = 2147483647;
			files = (
				9E3564B4221B126000BFF3F8 /* ViewController.swift in Sources */,
				9E3564B2221B126000BFF3F8 /* AppDelegate.swift in Sources */,
			);
			runOnlyForDeploymentPostprocessing = 0;
		};
/* End PBXSourcesBuildPhase section */

/* Begin PBXVariantGroup section */
		9E3564B5221B126000BFF3F8 /* Main.storyboard */ = {
			isa = PBXVariantGroup;
			children = (
				9E3564B6221B126000BFF3F8 /* Base */,
			);
			name = Main.storyboard;
			sourceTree = "<group>";
		};
		9E3564BA221B126200BFF3F8 /* LaunchScreen.storyboard */ = {
			isa = PBXVariantGroup;
			children = (
				9E3564BB221B126200BFF3F8 /* Base */,
			);
			name = LaunchScreen.storyboard;
			sourceTree = "<group>";
		};
/* End PBXVariantGroup section */

/* Begin XCBuildConfiguration section */
		9E3564BE221B126200BFF3F8 /* Debug */ = {
			isa = XCBuildConfiguration;
			buildSettings = {
				ALWAYS_SEARCH_USER_PATHS = NO;
				CLANG_ANALYZER_NONNULL = YES;
				CLANG_ANALYZER_NUMBER_OBJECT_CONVERSION = YES_AGGRESSIVE;
				CLANG_CXX_LANGUAGE_STANDARD = "gnu++14";
				CLANG_CXX_LIBRARY = "libc++";
				CLANG_ENABLE_MODULES = YES;
				CLANG_ENABLE_OBJC_ARC = YES;
				CLANG_ENABLE_OBJC_WEAK = YES;
				CLANG_WARN_BLOCK_CAPTURE_AUTORELEASING = YES;
				CLANG_WARN_BOOL_CONVERSION = YES;
				CLANG_WARN_COMMA = YES;
				CLANG_WARN_CONSTANT_CONVERSION = YES;
				CLANG_WARN_DEPRECATED_OBJC_IMPLEMENTATIONS = YES;
				CLANG_WARN_DIRECT_OBJC_ISA_USAGE = YES_ERROR;
				CLANG_WARN_DOCUMENTATION_COMMENTS = YES;
				CLANG_WARN_EMPTY_BODY = YES;
				CLANG_WARN_ENUM_CONVERSION = YES;
				CLANG_WARN_INFINITE_RECURSION = YES;
				CLANG_WARN_INT_CONVERSION = YES;
				CLANG_WARN_NON_LITERAL_NULL_CONVERSION = YES;
				CLANG_WARN_OBJC_IMPLICIT_RETAIN_SELF = YES;
				CLANG_WARN_OBJC_LITERAL_CONVERSION = YES;
				CLANG_WARN_OBJC_ROOT_CLASS = YES_ERROR;
				CLANG_WARN_RANGE_LOOP_ANALYSIS = YES;
				CLANG_WARN_STRICT_PROTOTYPES = YES;
				CLANG_WARN_SUSPICIOUS_MOVE = YES;
				CLANG_WARN_UNGUARDED_AVAILABILITY = YES_AGGRESSIVE;
				CLANG_WARN_UNREACHABLE_CODE = YES;
				CLANG_WARN__DUPLICATE_METHOD_MATCH = YES;
				CODE_SIGN_IDENTITY = "iPhone Developer";
				COPY_PHASE_STRIP = NO;
				DEBUG_INFORMATION_FORMAT = dwarf;
				ENABLE_STRICT_OBJC_MSGSEND = YES;
				ENABLE_TESTABILITY = YES;
				GCC_C_LANGUAGE_STANDARD = gnu11;
				GCC_DYNAMIC_NO_PIC = NO;
				GCC_NO_COMMON_BLOCKS = YES;
				GCC_OPTIMIZATION_LEVEL = 0;
				GCC_PREPROCESSOR_DEFINITIONS = (
					"DEBUG=1",
					"$(inherited)",
				);
				GCC_WARN_64_TO_32_BIT_CONVERSION = YES;
				GCC_WARN_ABOUT_RETURN_TYPE = YES_ERROR;
				GCC_WARN_UNDECLARED_SELECTOR = YES;
				GCC_WARN_UNINITIALIZED_AUTOS = YES_AGGRESSIVE;
				GCC_WARN_UNUSED_FUNCTION = YES;
				GCC_WARN_UNUSED_VARIABLE = YES;
				IPHONEOS_DEPLOYMENT_TARGET = 12.1;
				MTL_ENABLE_DEBUG_INFO = INCLUDE_SOURCE;
				MTL_FAST_MATH = YES;
				ONLY_ACTIVE_ARCH = YES;
				SDKROOT = iphoneos;
				SWIFT_ACTIVE_COMPILATION_CONDITIONS = DEBUG;
				SWIFT_OPTIMIZATION_LEVEL = "-Onone";
			};
			name = Debug;
		};
		9E3564BF221B126200BFF3F8 /* Release */ = {
			isa = XCBuildConfiguration;
			buildSettings = {
				ALWAYS_SEARCH_USER_PATHS = NO;
				CLANG_ANALYZER_NONNULL = YES;
				CLANG_ANALYZER_NUMBER_OBJECT_CONVERSION = YES_AGGRESSIVE;
				CLANG_CXX_LANGUAGE_STANDARD = "gnu++14";
				CLANG_CXX_LIBRARY = "libc++";
				CLANG_ENABLE_MODULES = YES;
				CLANG_ENABLE_OBJC_ARC = YES;
				CLANG_ENABLE_OBJC_WEAK = YES;
				CLANG_WARN_BLOCK_CAPTURE_AUTORELEASING = YES;
				CLANG_WARN_BOOL_CONVERSION = YES;
				CLANG_WARN_COMMA = YES;
				CLANG_WARN_CONSTANT_CONVERSION = YES;
				CLANG_WARN_DEPRECATED_OBJC_IMPLEMENTATIONS = YES;
				CLANG_WARN_DIRECT_OBJC_ISA_USAGE = YES_ERROR;
				CLANG_WARN_DOCUMENTATION_COMMENTS = YES;
				CLANG_WARN_EMPTY_BODY = YES;
				CLANG_WARN_ENUM_CONVERSION = YES;
				CLANG_WARN_INFINITE_RECURSION = YES;
				CLANG_WARN_INT_CONVERSION = YES;
				CLANG_WARN_NON_LITERAL_NULL_CONVERSION = YES;
				CLANG_WARN_OBJC_IMPLICIT_RETAIN_SELF = YES;
				CLANG_WARN_OBJC_LITERAL_CONVERSION = YES;
				CLANG_WARN_OBJC_ROOT_CLASS = YES_ERROR;
				CLANG_WARN_RANGE_LOOP_ANALYSIS = YES;
				CLANG_WARN_STRICT_PROTOTYPES = YES;
				CLANG_WARN_SUSPICIOUS_MOVE = YES;
				CLANG_WARN_UNGUARDED_AVAILABILITY = YES_AGGRESSIVE;
				CLANG_WARN_UNREACHABLE_CODE = YES;
				CLANG_WARN__DUPLICATE_METHOD_MATCH = YES;
				CODE_SIGN_IDENTITY = "iPhone Developer";
				COPY_PHASE_STRIP = NO;
				DEBUG_INFORMATION_FORMAT = "dwarf-with-dsym";
				ENABLE_NS_ASSERTIONS = NO;
				ENABLE_STRICT_OBJC_MSGSEND = YES;
				GCC_C_LANGUAGE_STANDARD = gnu11;
				GCC_NO_COMMON_BLOCKS = YES;
				GCC_WARN_64_TO_32_BIT_CONVERSION = YES;
				GCC_WARN_ABOUT_RETURN_TYPE = YES_ERROR;
				GCC_WARN_UNDECLARED_SELECTOR = YES;
				GCC_WARN_UNINITIALIZED_AUTOS = YES_AGGRESSIVE;
				GCC_WARN_UNUSED_FUNCTION = YES;
				GCC_WARN_UNUSED_VARIABLE = YES;
				IPHONEOS_DEPLOYMENT_TARGET = 12.1;
				MTL_ENABLE_DEBUG_INFO = NO;
				MTL_FAST_MATH = YES;
				SDKROOT = iphoneos;
				SWIFT_COMPILATION_MODE = wholemodule;
				SWIFT_OPTIMIZATION_LEVEL = "-O";
				VALIDATE_PRODUCT = YES;
			};
			name = Release;
		};
		9E3564C1221B126200BFF3F8 /* Debug */ = {
			isa = XCBuildConfiguration;
			baseConfigurationReference = 52FD9FDE19D42F49FEE2F705 /* Pods-Bitcoin Index.debug.xcconfig */;
			buildSettings = {
				ASSETCATALOG_COMPILER_APPICON_NAME = AppIcon;
				CODE_SIGN_STYLE = Automatic;
				DEVELOPMENT_TEAM = NQ4T3AWHJ6;
				INFOPLIST_FILE = "Bitcoin Index/Info.plist";
				LD_RUNPATH_SEARCH_PATHS = (
					"$(inherited)",
					"@executable_path/Frameworks",
				);
				PRODUCT_BUNDLE_IDENTIFIER = "com.azmil.Bitcoin-Index";
				PRODUCT_NAME = "$(TARGET_NAME)";
				SWIFT_VERSION = 4.2;
				TARGETED_DEVICE_FAMILY = "1,2";
			};
			name = Debug;
		};
		9E3564C2221B126200BFF3F8 /* Release */ = {
			isa = XCBuildConfiguration;
			baseConfigurationReference = 5E6D3BFE30BDE9F038210EDD /* Pods-Bitcoin Index.release.xcconfig */;
			buildSettings = {
				ASSETCATALOG_COMPILER_APPICON_NAME = AppIcon;
				CODE_SIGN_STYLE = Automatic;
				DEVELOPMENT_TEAM = NQ4T3AWHJ6;
				INFOPLIST_FILE = "Bitcoin Index/Info.plist";
				LD_RUNPATH_SEARCH_PATHS = (
					"$(inherited)",
					"@executable_path/Frameworks",
				);
				PRODUCT_BUNDLE_IDENTIFIER = "com.azmil.Bitcoin-Index";
				PRODUCT_NAME = "$(TARGET_NAME)";
				SWIFT_VERSION = 4.2;
				TARGETED_DEVICE_FAMILY = "1,2";
			};
			name = Release;
		};
/* End XCBuildConfiguration section */

/* Begin XCConfigurationList section */
		9E3564A9221B125F00BFF3F8 /* Build configuration list for PBXProject "Bitcoin Index" */ = {
			isa = XCConfigurationList;
			buildConfigurations = (
				9E3564BE221B126200BFF3F8 /* Debug */,
				9E3564BF221B126200BFF3F8 /* Release */,
			);
			defaultConfigurationIsVisible = 0;
			defaultConfigurationName = Release;
		};
		9E3564C0221B126200BFF3F8 /* Build configuration list for PBXNativeTarget "Bitcoin Index" */ = {
			isa = XCConfigurationList;
			buildConfigurations = (
				9E3564C1221B126200BFF3F8 /* Debug */,
				9E3564C2221B126200BFF3F8 /* Release */,
			);
			defaultConfigurationIsVisible = 0;
			defaultConfigurationName = Release;
		};
/* End XCConfigurationList section */
	};
	rootObject = 9E3564A6221B125F00BFF3F8 /* Project object */;
}
